
Microsoft Visual Studio Solution File, Format Version 12.00
# Visual Studio Version 16
VisualStudioVersion = 16.0.32228.343
MinimumVisualStudioVersion = 10.0.40219.1
Project("{9A19103F-16F7-4668-BE54-9A1E7A4F7556}") = "P01.SortNumbers", "P01.SortNumbers\P01.SortNumbers.csproj", "{9392812E-2D03-4B45-837C-2FA25D095E3B}"
EndProject
Project("{9A19103F-16F7-4668-BE54-9A1E7A4F7556}") = "P04.ReverseString", "P04.ReverseString\P04.ReverseString.csproj", "{92D870C5-2082-4735-BAB6-2CFCBB6973EB}"
EndProject
Project("{FAE04EC0-301F-11D3-BF4B-00C04F79EFBC}") = "P02.EnglishNameoftheLastDigit", "P02.EnglishNameoftheLastDigit\P02.EnglishNameoftheLastDigit.csproj", "{19C61C6E-C45E-4FB7-92B7-E0C17BB5A789}"
EndProject
Project("{FAE04EC0-301F-11D3-BF4B-00C04F79EFBC}") = "P03.GamingStore", "P03.GamingStore\P03.GamingStore.csproj", "{CAB2CB36-FAA6-488C-8E22-FDC5066392DF}"
EndProject
Project("{FAE04EC0-301F-11D3-BF4B-00C04F79EFBC}") = "P05.Messages", "P05.Messages\P05.Messages.csproj", "{1C310D2F-2AF8-48AC-BD2E-BF458F090012}"
EndProject
Global
	GlobalSection(SolutionConfigurationPlatforms) = preSolution
		Debug|Any CPU = Debug|Any CPU
		Release|Any CPU = Release|Any CPU
	EndGlobalSection
	GlobalSection(ProjectConfigurationPlatforms) = postSolution
		{9392812E-2D03-4B45-837C-2FA25D095E3B}.Debug|Any CPU.ActiveCfg = Debug|Any CPU
		{9392812E-2D03-4B45-837C-2FA25D095E3B}.Debug|Any CPU.Build.0 = Debug|Any CPU
		{9392812E-2D03-4B45-837C-2FA25D095E3B}.Release|Any CPU.ActiveCfg = Release|Any CPU
		{9392812E-2D03-4B45-837C-2FA25D095E3B}.Release|Any CPU.Build.0 = Release|Any CPU
		{92D870C5-2082-4735-BAB6-2CFCBB6973EB}.Debug|Any CPU.ActiveCfg = Debug|Any CPU
		{92D870C5-2082-4735-BAB6-2CFCBB6973EB}.Debug|Any CPU.Build.0 = Debug|Any CPU
		{92D870C5-2082-4735-BAB6-2CFCBB6973EB}.Release|Any CPU.ActiveCfg = Release|Any CPU
		{92D870C5-2082-4735-BAB6-2CFCBB6973EB}.Release|Any CPU.Build.0 = Release|Any CPU
		{19C61C6E-C45E-4FB7-92B7-E0C17BB5A789}.Debug|Any CPU.ActiveCfg = Debug|Any CPU
		{19C61C6E-C45E-4FB7-92B7-E0C17BB5A789}.Debug|Any CPU.Build.0 = Debug|Any CPU
		{19C61C6E-C45E-4FB7-92B7-E0C17BB5A789}.Release|Any CPU.ActiveCfg = Release|Any CPU
		{19C61C6E-C45E-4FB7-92B7-E0C17BB5A789}.Release|Any CPU.Build.0 = Release|Any CPU
		{CAB2CB36-FAA6-488C-8E22-FDC5066392DF}.Debug|Any CPU.ActiveCfg = Debug|Any CPU
		{CAB2CB36-FAA6-488C-8E22-FDC5066392DF}.Debug|Any CPU.Build.0 = Debug|Any CPU
		{CAB2CB36-FAA6-488C-8E22-FDC5066392DF}.Release|Any CPU.ActiveCfg = Release|Any CPU
		{CAB2CB36-FAA6-488C-8E22-FDC5066392DF}.Release|Any CPU.Build.0 = Release|Any CPU
		{1C310D2F-2AF8-48AC-BD2E-BF458F090012}.Debug|Any CPU.ActiveCfg = Debug|Any CPU
		{1C310D2F-2AF8-48AC-BD2E-BF458F090012}.Debug|Any CPU.Build.0 = Debug|Any CPU
		{1C310D2F-2AF8-48AC-BD2E-BF458F090012}.Release|Any CPU.ActiveCfg = Release|Any CPU
		{1C310D2F-2AF8-48AC-BD2E-BF458F090012}.Release|Any CPU.Build.0 = Release|Any CPU
	EndGlobalSection
	GlobalSection(SolutionProperties) = preSolution
		HideSolutionNode = FALSE
	EndGlobalSection
	GlobalSection(ExtensibilityGlobals) = postSolution
		SolutionGuid = {D369591E-58AF-49B7-A892-833528C868E2}
	EndGlobalSection
EndGlobal
