
Microsoft Visual Studio Solution File, Format Version 12.00
# Visual Studio Version 16
VisualStudioVersion = 16.0.32228.343
MinimumVisualStudioVersion = 10.0.40219.1
Project("{FAE04EC0-301F-11D3-BF4B-00C04F79EFBC}") = "P01.ComputerStore", "P01.ComputerStore\P01.ComputerStore.csproj", "{1A939F79-93CF-4013-A5BC-03F1C5FCA637}"
EndProject
Project("{FAE04EC0-301F-11D3-BF4B-00C04F79EFBC}") = "P02.TheLift", "P02.TheLift\P02.TheLift.csproj", "{534746F7-EECB-48EE-8465-84B0F0215BE3}"
EndProject
Project("{FAE04EC0-301F-11D3-BF4B-00C04F79EFBC}") = "P03.MemoryGame", "P03.MemoryGame\P03.MemoryGame.csproj", "{36E2CDAF-6234-4491-B884-A16212A10FCC}"
EndProject
Global
	GlobalSection(SolutionConfigurationPlatforms) = preSolution
		Debug|Any CPU = Debug|Any CPU
		Release|Any CPU = Release|Any CPU
	EndGlobalSection
	GlobalSection(ProjectConfigurationPlatforms) = postSolution
		{1A939F79-93CF-4013-A5BC-03F1C5FCA637}.Debug|Any CPU.ActiveCfg = Debug|Any CPU
		{1A939F79-93CF-4013-A5BC-03F1C5FCA637}.Debug|Any CPU.Build.0 = Debug|Any CPU
		{1A939F79-93CF-4013-A5BC-03F1C5FCA637}.Release|Any CPU.ActiveCfg = Release|Any CPU
		{1A939F79-93CF-4013-A5BC-03F1C5FCA637}.Release|Any CPU.Build.0 = Release|Any CPU
		{534746F7-EECB-48EE-8465-84B0F0215BE3}.Debug|Any CPU.ActiveCfg = Debug|Any CPU
		{534746F7-EECB-48EE-8465-84B0F0215BE3}.Debug|Any CPU.Build.0 = Debug|Any CPU
		{534746F7-EECB-48EE-8465-84B0F0215BE3}.Release|Any CPU.ActiveCfg = Release|Any CPU
		{534746F7-EECB-48EE-8465-84B0F0215BE3}.Release|Any CPU.Build.0 = Release|Any CPU
		{36E2CDAF-6234-4491-B884-A16212A10FCC}.Debug|Any CPU.ActiveCfg = Debug|Any CPU
		{36E2CDAF-6234-4491-B884-A16212A10FCC}.Debug|Any CPU.Build.0 = Debug|Any CPU
		{36E2CDAF-6234-4491-B884-A16212A10FCC}.Release|Any CPU.ActiveCfg = Release|Any CPU
		{36E2CDAF-6234-4491-B884-A16212A10FCC}.Release|Any CPU.Build.0 = Release|Any CPU
	EndGlobalSection
	GlobalSection(SolutionProperties) = preSolution
		HideSolutionNode = FALSE
	EndGlobalSection
	GlobalSection(ExtensibilityGlobals) = postSolution
		SolutionGuid = {22F4E5CC-E128-43E8-A658-FD731880A719}
	EndGlobalSection
EndGlobal
