
Microsoft Visual Studio Solution File, Format Version 12.00
# Visual Studio Version 17
VisualStudioVersion = 17.4.33205.214
MinimumVisualStudioVersion = 10.0.40219.1
Project("{9A19103F-16F7-4668-BE54-9A1E7A4F7556}") = "SoftUni", "EFIntroductionExercise\SoftUni.csproj", "{B74FED37-B317-4F4F-B7BF-0E6AA5AEB070}"
EndProject
Global
	GlobalSection(SolutionConfigurationPlatforms) = preSolution
		Debug|Any CPU = Debug|Any CPU
		Release|Any CPU = Release|Any CPU
	EndGlobalSection
	GlobalSection(ProjectConfigurationPlatforms) = postSolution
		{B74FED37-B317-4F4F-B7BF-0E6AA5AEB070}.Debug|Any CPU.ActiveCfg = Debug|Any CPU
		{B74FED37-B317-4F4F-B7BF-0E6AA5AEB070}.Debug|Any CPU.Build.0 = Debug|Any CPU
		{B74FED37-B317-4F4F-B7BF-0E6AA5AEB070}.Release|Any CPU.ActiveCfg = Release|Any CPU
		{B74FED37-B317-4F4F-B7BF-0E6AA5AEB070}.Release|Any CPU.Build.0 = Release|Any CPU
	EndGlobalSection
	GlobalSection(SolutionProperties) = preSolution
		HideSolutionNode = FALSE
	EndGlobalSection
	GlobalSection(ExtensibilityGlobals) = postSolution
		SolutionGuid = {D93652CA-5B6C-48F3-B7B2-32A256D0615A}
	EndGlobalSection
EndGlobal
