
Microsoft Visual Studio Solution File, Format Version 12.00
# Visual Studio Version 16
VisualStudioVersion = 16.0.32228.343
MinimumVisualStudioVersion = 10.0.40219.1
Project("{FAE04EC0-301F-11D3-BF4B-00C04F79EFBC}") = "P01.SoftUniReception", "P01.SoftUniReception\P01.SoftUniReception.csproj", "{C048FF6A-1EF4-4638-80FB-34A987C6D3CC}"
EndProject
Project("{FAE04EC0-301F-11D3-BF4B-00C04F79EFBC}") = "P02.ArrayModifier", "P02.ArrayModifier\P02.ArrayModifier.csproj", "{493AC441-4E07-4F43-A19B-AB7EC3F8F03F}"
EndProject
Project("{FAE04EC0-301F-11D3-BF4B-00C04F79EFBC}") = "P03.Numbers", "P03.Numbers\P03.Numbers.csproj", "{7A8433A2-0323-41C3-82EE-6D097D50DD12}"
EndProject
Global
	GlobalSection(SolutionConfigurationPlatforms) = preSolution
		Debug|Any CPU = Debug|Any CPU
		Release|Any CPU = Release|Any CPU
	EndGlobalSection
	GlobalSection(ProjectConfigurationPlatforms) = postSolution
		{C048FF6A-1EF4-4638-80FB-34A987C6D3CC}.Debug|Any CPU.ActiveCfg = Debug|Any CPU
		{C048FF6A-1EF4-4638-80FB-34A987C6D3CC}.Debug|Any CPU.Build.0 = Debug|Any CPU
		{C048FF6A-1EF4-4638-80FB-34A987C6D3CC}.Release|Any CPU.ActiveCfg = Release|Any CPU
		{C048FF6A-1EF4-4638-80FB-34A987C6D3CC}.Release|Any CPU.Build.0 = Release|Any CPU
		{493AC441-4E07-4F43-A19B-AB7EC3F8F03F}.Debug|Any CPU.ActiveCfg = Debug|Any CPU
		{493AC441-4E07-4F43-A19B-AB7EC3F8F03F}.Debug|Any CPU.Build.0 = Debug|Any CPU
		{493AC441-4E07-4F43-A19B-AB7EC3F8F03F}.Release|Any CPU.ActiveCfg = Release|Any CPU
		{493AC441-4E07-4F43-A19B-AB7EC3F8F03F}.Release|Any CPU.Build.0 = Release|Any CPU
		{7A8433A2-0323-41C3-82EE-6D097D50DD12}.Debug|Any CPU.ActiveCfg = Debug|Any CPU
		{7A8433A2-0323-41C3-82EE-6D097D50DD12}.Debug|Any CPU.Build.0 = Debug|Any CPU
		{7A8433A2-0323-41C3-82EE-6D097D50DD12}.Release|Any CPU.ActiveCfg = Release|Any CPU
		{7A8433A2-0323-41C3-82EE-6D097D50DD12}.Release|Any CPU.Build.0 = Release|Any CPU
	EndGlobalSection
	GlobalSection(SolutionProperties) = preSolution
		HideSolutionNode = FALSE
	EndGlobalSection
	GlobalSection(ExtensibilityGlobals) = postSolution
		SolutionGuid = {74EB765C-69E8-4BAD-96A4-E2C186FB16C3}
	EndGlobalSection
EndGlobal
